
Microsoft Visual Studio Solution File, Format Version 12.00
# Visual Studio Version 16
VisualStudioVersion = 16.0.30406.217
MinimumVisualStudioVersion = 10.0.40219.1
Project("{FAE04EC0-301F-11D3-BF4B-00C04F79EFBC}") = "Muhasebe", "Muhasebe.csproj", "{09ADAE9F-4436-4010-9030-0E593430189C}"
EndProject
Global
	GlobalSection(SolutionConfigurationPlatforms) = preSolution
		Debug|Any CPU = Debug|Any CPU
		Release|Any CPU = Release|Any CPU
	EndGlobalSection
	GlobalSection(ProjectConfigurationPlatforms) = postSolution
		{09ADAE9F-4436-4010-9030-0E593430189C}.Debug|Any CPU.ActiveCfg = Debug|Any CPU
		{09ADAE9F-4436-4010-9030-0E593430189C}.Debug|Any CPU.Build.0 = Debug|Any CPU
		{09ADAE9F-4436-4010-9030-0E593430189C}.Release|Any CPU.ActiveCfg = Release|Any CPU
		{09ADAE9F-4436-4010-9030-0E593430189C}.Release|Any CPU.Build.0 = Release|Any CPU
	EndGlobalSection
	GlobalSection(SolutionProperties) = preSolution
		HideSolutionNode = FALSE
	EndGlobalSection
	GlobalSection(ExtensibilityGlobals) = postSolution
		SolutionGuid = {424199A0-F7CB-4F16-8B9C-FBBA5E6F2C02}
	EndGlobalSection
EndGlobal
